# THIS IS AN AUTOGENERATED FILE. DO NOT EDIT THIS FILE DIRECTLY.
# yarn lockfile v1


path-absolute@^1.0.1:
  version "1.0.1"
  resolved "https://registry.yarnpkg.com/path-absolute/-/path-absolute-1.0.1.tgz#14551963f2e5c4b2c6722e3fe57a0b48d5cfbd74"
  integrity sha512-gds5iRhSeOcDtj8gfWkRHLtZKTPsFVuh7utbjYtvnclw4XM+ffRzJrwqMhOD1PVqef7nBLmgsu1vIujjvAJrAw==
